
Microsoft Visual Studio Solution File, Format Version 12.00
# Visual Studio 2013
VisualStudioVersion = 12.0.30723.0
MinimumVisualStudioVersion = 10.0.40219.1
Project("{FAE04EC0-301F-11D3-BF4B-00C04F79EFBC}") = "LeagueSharp.Common", "LeagueSharp.Common\LeagueSharp.Common.csproj", "{890772DA-AF28-43BE-A1A6-59F68FD90926}"
EndProject
Project("{FAE04EC0-301F-11D3-BF4B-00C04F79EFBC}") = "TestAssembly", "TestAssembly\TestAssembly.csproj", "{EECCF98F-5056-4F79-A4BE-249AB7E5A1CE}"
EndProject
Global
	GlobalSection(SolutionConfigurationPlatforms) = preSolution
		Debug|Any CPU = Debug|Any CPU
		Release|Any CPU = Release|Any CPU
	EndGlobalSection
	GlobalSection(ProjectConfigurationPlatforms) = postSolution
		{890772DA-AF28-43BE-A1A6-59F68FD90926}.Debug|Any CPU.ActiveCfg = Debug|Any CPU
		{890772DA-AF28-43BE-A1A6-59F68FD90926}.Debug|Any CPU.Build.0 = Debug|Any CPU
		{890772DA-AF28-43BE-A1A6-59F68FD90926}.Release|Any CPU.ActiveCfg = Release|Any CPU
		{890772DA-AF28-43BE-A1A6-59F68FD90926}.Release|Any CPU.Build.0 = Release|Any CPU
		{EECCF98F-5056-4F79-A4BE-249AB7E5A1CE}.Debug|Any CPU.ActiveCfg = Debug|Any CPU
		{EECCF98F-5056-4F79-A4BE-249AB7E5A1CE}.Debug|Any CPU.Build.0 = Debug|Any CPU
		{EECCF98F-5056-4F79-A4BE-249AB7E5A1CE}.Release|Any CPU.ActiveCfg = Release|Any CPU
		{EECCF98F-5056-4F79-A4BE-249AB7E5A1CE}.Release|Any CPU.Build.0 = Release|Any CPU
	EndGlobalSection
	GlobalSection(SolutionProperties) = preSolution
		HideSolutionNode = FALSE
	EndGlobalSection
EndGlobal
